
Microsoft Visual Studio Solution File, Format Version 12.00
# Visual Studio Version 17
VisualStudioVersion = 17.7.34221.43
MinimumVisualStudioVersion = 10.0.40219.1
Project("{FAE04EC0-301F-11D3-BF4B-00C04F79EFBC}") = "AdventCode2023", "AdventCode2023.csproj", "{EDBD8B5E-E134-485F-B046-B0A9C8FADF4E}"
EndProject
Global
	GlobalSection(SolutionConfigurationPlatforms) = preSolution
		Debug|Any CPU = Debug|Any CPU
		Release|Any CPU = Release|Any CPU
	EndGlobalSection
	GlobalSection(ProjectConfigurationPlatforms) = postSolution
		{EDBD8B5E-E134-485F-B046-B0A9C8FADF4E}.Debug|Any CPU.ActiveCfg = Debug|Any CPU
		{EDBD8B5E-E134-485F-B046-B0A9C8FADF4E}.Debug|Any CPU.Build.0 = Debug|Any CPU
		{EDBD8B5E-E134-485F-B046-B0A9C8FADF4E}.Release|Any CPU.ActiveCfg = Release|Any CPU
		{EDBD8B5E-E134-485F-B046-B0A9C8FADF4E}.Release|Any CPU.Build.0 = Release|Any CPU
	EndGlobalSection
	GlobalSection(SolutionProperties) = preSolution
		HideSolutionNode = FALSE
	EndGlobalSection
	GlobalSection(ExtensibilityGlobals) = postSolution
		SolutionGuid = {EF872873-670B-4205-8783-4BCB2F1FB619}
	EndGlobalSection
EndGlobal
